schema: '2.0'
stages:
  train:
    cmd: python src/train.py
    deps:
    - path: data/raw/wildfire-raw-yolov8
      md5: 8dbb9deaa0e6a0411a118041c2cb97cf.dir
      size: 28854011
      nfiles: 1479
    - path: params.yaml
      md5: 4a8a0c63c18107d6302d3c398546d665
      size: 226
    - path: src/train.py
      md5: 6746a939a17bbf4e2e2bd23a226b69ec
      size: 1847
    - path: src/utils.py
      md5: 6cdaeb54f171d519f8fc60ad3ec75f65
      size: 1274
    outs:
    - path: models/model.pt
      md5: b7b3ccd99a3c2db10d49d4c6246554b7
      size: 22495096
    - path: reports/train_metrics.csv
      md5: 118c91eacbac725b9337d67d139f5d28
      size: 674
    - path: reports/train_params.yaml
      md5: 0861f7f5ae6ce5449ae6e97a4c8c93df
      size: 1614
  test:
    cmd: python src/predict.py
    deps:
    - path: data/raw/wildfire-raw-yolov8
      md5: 8dbb9deaa0e6a0411a118041c2cb97cf.dir
      size: 28854011
      nfiles: 1479
    - path: models/model.pt
      md5: b7b3ccd99a3c2db10d49d4c6246554b7
      size: 22495096
    - path: src/predict.py
      md5: 89e2f32ae1996a0c6ed060d658bc493d
      size: 554
